// !$*UTF8*$!
{
	archiveVersion = 1;
	classes = {
	};
	objectVersion = 56;
	objects = {

/* Begin PBXBuildFile section */
		CDC8422F2C231144007DBA22 /* SnabbskrivApp.swift in Sources */ = {isa = PBXBuildFile; fileRef = CDC8422E2C231144007DBA22 /* SnabbskrivApp.swift */; };
		CDC842312C231144007DBA22 /* ContentView.swift in Sources */ = {isa = PBXBuildFile; fileRef = CDC842302C231144007DBA22 /* ContentView.swift */; };
		CDC842332C231146007DBA22 /* Assets.xcassets in Resources */ = {isa = PBXBuildFile; fileRef = CDC842322C231146007DBA22 /* Assets.xcassets */; };
		CDC842362C231146007DBA22 /* Preview Assets.xcassets in Resources */ = {isa = PBXBuildFile; fileRef = CDC842352C231146007DBA22 /* Preview Assets.xcassets */; };
		CDC842402C231146007DBA22 /* SnabbskrivTests.swift in Sources */ = {isa = PBXBuildFile; fileRef = CDC8423F2C231146007DBA22 /* SnabbskrivTests.swift */; };
		CDC8424A2C231146007DBA22 /* SnabbskrivUITests.swift in Sources */ = {isa = PBXBuildFile; fileRef = CDC842492C231146007DBA22 /* SnabbskrivUITests.swift */; };
		CDC8424C2C231146007DBA22 /* SnabbskrivUITestsLaunchTests.swift in Sources */ = {isa = PBXBuildFile; fileRef = CDC8424B2C231146007DBA22 /* SnabbskrivUITestsLaunchTests.swift */; };
/* End PBXBuildFile section */

/* Begin PBXContainerItemProxy section */
		CDC8423C2C231146007DBA22 /* PBXContainerItemProxy */ = {
			isa = PBXContainerItemProxy;
			containerPortal = CDC842232C231144007DBA22 /* Project object */;
			proxyType = 1;
			remoteGlobalIDString = CDC8422A2C231144007DBA22;
			remoteInfo = Snabbskriv;
		};
		CDC842462C231146007DBA22 /* PBXContainerItemProxy */ = {
			isa = PBXContainerItemProxy;
			containerPortal = CDC842232C231144007DBA22 /* Project object */;
			proxyType = 1;
			remoteGlobalIDString = CDC8422A2C231144007DBA22;
			remoteInfo = Snabbskriv;
		};
/* End PBXContainerItemProxy section */

/* Begin PBXFileReference section */
		CDC8422B2C231144007DBA22 /* Snabbskriv.app */ = {isa = PBXFileReference; explicitFileType = wrapper.application; includeInIndex = 0; path = Snabbskriv.app; sourceTree = BUILT_PRODUCTS_DIR; };
		CDC8422E2C231144007DBA22 /* SnabbskrivApp.swift */ = {isa = PBXFileReference; lastKnownFileType = sourcecode.swift; path = SnabbskrivApp.swift; sourceTree = "<group>"; };
		CDC842302C231144007DBA22 /* ContentView.swift */ = {isa = PBXFileReference; lastKnownFileType = sourcecode.swift; path = ContentView.swift; sourceTree = "<group>"; };
		CDC842322C231146007DBA22 /* Assets.xcassets */ = {isa = PBXFileReference; lastKnownFileType = folder.assetcatalog; path = Assets.xcassets; sourceTree = "<group>"; };
		CDC842352C231146007DBA22 /* Preview Assets.xcassets */ = {isa = PBXFileReference; lastKnownFileType = folder.assetcatalog; path = "Preview Assets.xcassets"; sourceTree = "<group>"; };
		CDC8423B2C231146007DBA22 /* SnabbskrivTests.xctest */ = {isa = PBXFileReference; explicitFileType = wrapper.cfbundle; includeInIndex = 0; path = SnabbskrivTests.xctest; sourceTree = BUILT_PRODUCTS_DIR; };
		CDC8423F2C231146007DBA22 /* SnabbskrivTests.swift */ = {isa = PBXFileReference; lastKnownFileType = sourcecode.swift; path = SnabbskrivTests.swift; sourceTree = "<group>"; };
		CDC842452C231146007DBA22 /* SnabbskrivUITests.xctest */ = {isa = PBXFileReference; explicitFileType = wrapper.cfbundle; includeInIndex = 0; path = SnabbskrivUITests.xctest; sourceTree = BUILT_PRODUCTS_DIR; };
		CDC842492C231146007DBA22 /* SnabbskrivUITests.swift */ = {isa = PBXFileReference; lastKnownFileType = sourcecode.swift; path = SnabbskrivUITests.swift; sourceTree = "<group>"; };
		CDC8424B2C231146007DBA22 /* SnabbskrivUITestsLaunchTests.swift */ = {isa = PBXFileReference; lastKnownFileType = sourcecode.swift; path = SnabbskrivUITestsLaunchTests.swift; sourceTree = "<group>"; };
/* End PBXFileReference section */

/* Begin PBXFrameworksBuildPhase section */
		CDC842282C231144007DBA22 /* Frameworks */ = {
			isa = PBXFrameworksBuildPhase;
			buildActionMask = 2147483647;
			files = (
			);
			runOnlyForDeploymentPostprocessing = 0;
		};
		CDC842382C231146007DBA22 /* Frameworks */ = {
			isa = PBXFrameworksBuildPhase;
			buildActionMask = 2147483647;
			files = (
			);
			runOnlyForDeploymentPostprocessing = 0;
		};
		CDC842422C231146007DBA22 /* Frameworks */ = {
			isa = PBXFrameworksBuildPhase;
			buildActionMask = 2147483647;
			files = (
			);
			runOnlyForDeploymentPostprocessing = 0;
		};
/* End PBXFrameworksBuildPhase section */

/* Begin PBXGroup section */
		CDC842222C231144007DBA22 = {
			isa = PBXGroup;
			children = (
				CDC8422D2C231144007DBA22 /* Snabbskriv */,
				CDC8423E2C231146007DBA22 /* SnabbskrivTests */,
				CDC842482C231146007DBA22 /* SnabbskrivUITests */,
				CDC8422C2C231144007DBA22 /* Products */,
			);
			sourceTree = "<group>";
		};
		CDC8422C2C231144007DBA22 /* Products */ = {
			isa = PBXGroup;
			children = (
				CDC8422B2C231144007DBA22 /* Snabbskriv.app */,
				CDC8423B2C231146007DBA22 /* SnabbskrivTests.xctest */,
				CDC842452C231146007DBA22 /* SnabbskrivUITests.xctest */,
			);
			name = Products;
			sourceTree = "<group>";
		};
		CDC8422D2C231144007DBA22 /* Snabbskriv */ = {
			isa = PBXGroup;
			children = (
				CDC8422E2C231144007DBA22 /* SnabbskrivApp.swift */,
				CDC842302C231144007DBA22 /* ContentView.swift */,
				CDC842322C231146007DBA22 /* Assets.xcassets */,
				CDC842342C231146007DBA22 /* Preview Content */,
			);
			path = Snabbskriv;
			sourceTree = "<group>";
		};
		CDC842342C231146007DBA22 /* Preview Content */ = {
			isa = PBXGroup;
			children = (
				CDC842352C231146007DBA22 /* Preview Assets.xcassets */,
			);
			path = "Preview Content";
			sourceTree = "<group>";
		};
		CDC8423E2C231146007DBA22 /* SnabbskrivTests */ = {
			isa = PBXGroup;
			children = (
				CDC8423F2C231146007DBA22 /* SnabbskrivTests.swift */,
			);
			path = SnabbskrivTests;
			sourceTree = "<group>";
		};
		CDC842482C231146007DBA22 /* SnabbskrivUITests */ = {
			isa = PBXGroup;
			children = (
				CDC842492C231146007DBA22 /* SnabbskrivUITests.swift */,
				CDC8424B2C231146007DBA22 /* SnabbskrivUITestsLaunchTests.swift */,
			);
			path = SnabbskrivUITests;
			sourceTree = "<group>";
		};
/* End PBXGroup section */

/* Begin PBXNativeTarget section */
		CDC8422A2C231144007DBA22 /* Snabbskriv */ = {
			isa = PBXNativeTarget;
			buildConfigurationList = CDC8424F2C231146007DBA22 /* Build configuration list for PBXNativeTarget "Snabbskriv" */;
			buildPhases = (
				CDC842272C231144007DBA22 /* Sources */,
				CDC842282C231144007DBA22 /* Frameworks */,
				CDC842292C231144007DBA22 /* Resources */,
			);
			buildRules = (
			);
			dependencies = (
			);
			name = Snabbskriv;
			productName = Snabbskriv;
			productReference = CDC8422B2C231144007DBA22 /* Snabbskriv.app */;
			productType = "com.apple.product-type.application";
		};
		CDC8423A2C231146007DBA22 /* SnabbskrivTests */ = {
			isa = PBXNativeTarget;
			buildConfigurationList = CDC842522C231146007DBA22 /* Build configuration list for PBXNativeTarget "SnabbskrivTests" */;
			buildPhases = (
				CDC842372C231146007DBA22 /* Sources */,
				CDC842382C231146007DBA22 /* Frameworks */,
				CDC842392C231146007DBA22 /* Resources */,
			);
			buildRules = (
			);
			dependencies = (
				CDC8423D2C231146007DBA22 /* PBXTargetDependency */,
			);
			name = SnabbskrivTests;
			productName = SnabbskrivTests;
			productReference = CDC8423B2C231146007DBA22 /* SnabbskrivTests.xctest */;
			productType = "com.apple.product-type.bundle.unit-test";
		};
		CDC842442C231146007DBA22 /* SnabbskrivUITests */ = {
			isa = PBXNativeTarget;
			buildConfigurationList = CDC842552C231146007DBA22 /* Build configuration list for PBXNativeTarget "SnabbskrivUITests" */;
			buildPhases = (
				CDC842412C231146007DBA22 /* Sources */,
				CDC842422C231146007DBA22 /* Frameworks */,
				CDC842432C231146007DBA22 /* Resources */,
			);
			buildRules = (
			);
			dependencies = (
				CDC842472C231146007DBA22 /* PBXTargetDependency */,
			);
			name = SnabbskrivUITests;
			productName = SnabbskrivUITests;
			productReference = CDC842452C231146007DBA22 /* SnabbskrivUITests.xctest */;
			productType = "com.apple.product-type.bundle.ui-testing";
		};
/* End PBXNativeTarget section */

/* Begin PBXProject section */
		CDC842232C231144007DBA22 /* Project object */ = {
			isa = PBXProject;
			attributes = {
				BuildIndependentTargetsInParallel = 1;
				LastSwiftUpdateCheck = 1530;
				LastUpgradeCheck = 1530;
				TargetAttributes = {
					CDC8422A2C231144007DBA22 = {
						CreatedOnToolsVersion = 15.3;
					};
					CDC8423A2C231146007DBA22 = {
						CreatedOnToolsVersion = 15.3;
						TestTargetID = CDC8422A2C231144007DBA22;
					};
					CDC842442C231146007DBA22 = {
						CreatedOnToolsVersion = 15.3;
						TestTargetID = CDC8422A2C231144007DBA22;
					};
				};
			};
			buildConfigurationList = CDC842262C231144007DBA22 /* Build configuration list for PBXProject "Snabbskriv" */;
			compatibilityVersion = "Xcode 14.0";
			developmentRegion = en;
			hasScannedForEncodings = 0;
			knownRegions = (
				en,
				Base,
			);
			mainGroup = CDC842222C231144007DBA22;
			productRefGroup = CDC8422C2C231144007DBA22 /* Products */;
			projectDirPath = "";
			projectRoot = "";
			targets = (
				CDC8422A2C231144007DBA22 /* Snabbskriv */,
				CDC8423A2C231146007DBA22 /* SnabbskrivTests */,
				CDC842442C231146007DBA22 /* SnabbskrivUITests */,
			);
		};
/* End PBXProject section */

/* Begin PBXResourcesBuildPhase section */
		CDC842292C231144007DBA22 /* Resources */ = {
			isa = PBXResourcesBuildPhase;
			buildActionMask = 2147483647;
			files = (
				CDC842362C231146007DBA22 /* Preview Assets.xcassets in Resources */,
				CDC842332C231146007DBA22 /* Assets.xcassets in Resources */,
			);
			runOnlyForDeploymentPostprocessing = 0;
		};
		CDC842392C231146007DBA22 /* Resources */ = {
			isa = PBXResourcesBuildPhase;
			buildActionMask = 2147483647;
			files = (
			);
			runOnlyForDeploymentPostprocessing = 0;
		};
		CDC842432C231146007DBA22 /* Resources */ = {
			isa = PBXResourcesBuildPhase;
			buildActionMask = 2147483647;
			files = (
			);
			runOnlyForDeploymentPostprocessing = 0;
		};
/* End PBXResourcesBuildPhase section */

/* Begin PBXSourcesBuildPhase section */
		CDC842272C231144007DBA22 /* Sources */ = {
			isa = PBXSourcesBuildPhase;
			buildActionMask = 2147483647;
			files = (
				CDC842312C231144007DBA22 /* ContentView.swift in Sources */,
				CDC8422F2C231144007DBA22 /* SnabbskrivApp.swift in Sources */,
			);
			runOnlyForDeploymentPostprocessing = 0;
		};
		CDC842372C231146007DBA22 /* Sources */ = {
			isa = PBXSourcesBuildPhase;
			buildActionMask = 2147483647;
			files = (
				CDC842402C231146007DBA22 /* SnabbskrivTests.swift in Sources */,
			);
			runOnlyForDeploymentPostprocessing = 0;
		};
		CDC842412C231146007DBA22 /* Sources */ = {
			isa = PBXSourcesBuildPhase;
			buildActionMask = 2147483647;
			files = (
				CDC8424A2C231146007DBA22 /* SnabbskrivUITests.swift in Sources */,
				CDC8424C2C231146007DBA22 /* SnabbskrivUITestsLaunchTests.swift in Sources */,
			);
			runOnlyForDeploymentPostprocessing = 0;
		};
/* End PBXSourcesBuildPhase section */

/* Begin PBXTargetDependency section */
		CDC8423D2C231146007DBA22 /* PBXTargetDependency */ = {
			isa = PBXTargetDependency;
			target = CDC8422A2C231144007DBA22 /* Snabbskriv */;
			targetProxy = CDC8423C2C231146007DBA22 /* PBXContainerItemProxy */;
		};
		CDC842472C231146007DBA22 /* PBXTargetDependency */ = {
			isa = PBXTargetDependency;
			target = CDC8422A2C231144007DBA22 /* Snabbskriv */;
			targetProxy = CDC842462C231146007DBA22 /* PBXContainerItemProxy */;
		};
/* End PBXTargetDependency section */

/* Begin XCBuildConfiguration section */
		CDC8424D2C231146007DBA22 /* Debug */ = {
			isa = XCBuildConfiguration;
			buildSettings = {
				ALWAYS_SEARCH_USER_PATHS = NO;
				ASSETCATALOG_COMPILER_GENERATE_SWIFT_ASSET_SYMBOL_EXTENSIONS = YES;
				CLANG_ANALYZER_NONNULL = YES;
				CLANG_ANALYZER_NUMBER_OBJECT_CONVERSION = YES_AGGRESSIVE;
				CLANG_CXX_LANGUAGE_STANDARD = "gnu++20";
				CLANG_ENABLE_MODULES = YES;
				CLANG_ENABLE_OBJC_ARC = YES;
				CLANG_ENABLE_OBJC_WEAK = YES;
				CLANG_WARN_BLOCK_CAPTURE_AUTORELEASING = YES;
				CLANG_WARN_BOOL_CONVERSION = YES;
				CLANG_WARN_COMMA = YES;
				CLANG_WARN_CONSTANT_CONVERSION = YES;
				CLANG_WARN_DEPRECATED_OBJC_IMPLEMENTATIONS = YES;
				CLANG_WARN_DIRECT_OBJC_ISA_USAGE = YES_ERROR;
				CLANG_WARN_DOCUMENTATION_COMMENTS = YES;
				CLANG_WARN_EMPTY_BODY = YES;
				CLANG_WARN_ENUM_CONVERSION = YES;
				CLANG_WARN_INFINITE_RECURSION = YES;
				CLANG_WARN_INT_CONVERSION = YES;
				CLANG_WARN_NON_LITERAL_NULL_CONVERSION = YES;
				CLANG_WARN_OBJC_IMPLICIT_RETAIN_SELF = YES;
				CLANG_WARN_OBJC_LITERAL_CONVERSION = YES;
				CLANG_WARN_OBJC_ROOT_CLASS = YES_ERROR;
				CLANG_WARN_QUOTED_INCLUDE_IN_FRAMEWORK_HEADER = YES;
				CLANG_WARN_RANGE_LOOP_ANALYSIS = YES;
				CLANG_WARN_STRICT_PROTOTYPES = YES;
				CLANG_WARN_SUSPICIOUS_MOVE = YES;
				CLANG_WARN_UNGUARDED_AVAILABILITY = YES_AGGRESSIVE;
				CLANG_WARN_UNREACHABLE_CODE = YES;
				CLANG_WARN__DUPLICATE_METHOD_MATCH = YES;
				COPY_PHASE_STRIP = NO;
				DEBUG_INFORMATION_FORMAT = dwarf;
				ENABLE_STRICT_OBJC_MSGSEND = YES;
				ENABLE_TESTABILITY = YES;
				ENABLE_USER_SCRIPT_SANDBOXING = YES;
				GCC_C_LANGUAGE_STANDARD = gnu17;
				GCC_DYNAMIC_NO_PIC = NO;
				GCC_NO_COMMON_BLOCKS = YES;
				GCC_OPTIMIZATION_LEVEL = 0;
				GCC_PREPROCESSOR_DEFINITIONS = (
					"DEBUG=1",
					"$(inherited)",
				);
				GCC_WARN_64_TO_32_BIT_CONVERSION = YES;
				GCC_WARN_ABOUT_RETURN_TYPE = YES_ERROR;
				GCC_WARN_UNDECLARED_SELECTOR = YES;
				GCC_WARN_UNINITIALIZED_AUTOS = YES_AGGRESSIVE;
				GCC_WARN_UNUSED_FUNCTION = YES;
				GCC_WARN_UNUSED_VARIABLE = YES;
				IPHONEOS_DEPLOYMENT_TARGET = 17.4;
				LOCALIZATION_PREFERS_STRING_CATALOGS = YES;
				MTL_ENABLE_DEBUG_INFO = INCLUDE_SOURCE;
				MTL_FAST_MATH = YES;
				ONLY_ACTIVE_ARCH = YES;
				SDKROOT = iphoneos;
				SWIFT_ACTIVE_COMPILATION_CONDITIONS = "DEBUG $(inherited)";
				SWIFT_OPTIMIZATION_LEVEL = "-Onone";
			};
			name = Debug;
		};
		CDC8424E2C231146007DBA22 /* Release */ = {
			isa = XCBuildConfiguration;
			buildSettings = {
				ALWAYS_SEARCH_USER_PATHS = NO;
				ASSETCATALOG_COMPILER_GENERATE_SWIFT_ASSET_SYMBOL_EXTENSIONS = YES;
				CLANG_ANALYZER_NONNULL = YES;
				CLANG_ANALYZER_NUMBER_OBJECT_CONVERSION = YES_AGGRESSIVE;
				CLANG_CXX_LANGUAGE_STANDARD = "gnu++20";
				CLANG_ENABLE_MODULES = YES;
				CLANG_ENABLE_OBJC_ARC = YES;
				CLANG_ENABLE_OBJC_WEAK = YES;
				CLANG_WARN_BLOCK_CAPTURE_AUTORELEASING = YES;
				CLANG_WARN_BOOL_CONVERSION = YES;
				CLANG_WARN_COMMA = YES;
				CLANG_WARN_CONSTANT_CONVERSION = YES;
				CLANG_WARN_DEPRECATED_OBJC_IMPLEMENTATIONS = YES;
				CLANG_WARN_DIRECT_OBJC_ISA_USAGE = YES_ERROR;
				CLANG_WARN_DOCUMENTATION_COMMENTS = YES;
				CLANG_WARN_EMPTY_BODY = YES;
				CLANG_WARN_ENUM_CONVERSION = YES;
				CLANG_WARN_INFINITE_RECURSION = YES;
				CLANG_WARN_INT_CONVERSION = YES;
				CLANG_WARN_NON_LITERAL_NULL_CONVERSION = YES;
				CLANG_WARN_OBJC_IMPLICIT_RETAIN_SELF = YES;
				CLANG_WARN_OBJC_LITERAL_CONVERSION = YES;
				CLANG_WARN_OBJC_ROOT_CLASS = YES_ERROR;
				CLANG_WARN_QUOTED_INCLUDE_IN_FRAMEWORK_HEADER = YES;
				CLANG_WARN_RANGE_LOOP_ANALYSIS = YES;
				CLANG_WARN_STRICT_PROTOTYPES = YES;
				CLANG_WARN_SUSPICIOUS_MOVE = YES;
				CLANG_WARN_UNGUARDED_AVAILABILITY = YES_AGGRESSIVE;
				CLANG_WARN_UNREACHABLE_CODE = YES;
				CLANG_WARN__DUPLICATE_METHOD_MATCH = YES;
				COPY_PHASE_STRIP = NO;
				DEBUG_INFORMATION_FORMAT = "dwarf-with-dsym";
				ENABLE_NS_ASSERTIONS = NO;
				ENABLE_STRICT_OBJC_MSGSEND = YES;
				ENABLE_USER_SCRIPT_SANDBOXING = YES;
				GCC_C_LANGUAGE_STANDARD = gnu17;
				GCC_NO_COMMON_BLOCKS = YES;
				GCC_WARN_64_TO_32_BIT_CONVERSION = YES;
				GCC_WARN_ABOUT_RETURN_TYPE = YES_ERROR;
				GCC_WARN_UNDECLARED_SELECTOR = YES;
				GCC_WARN_UNINITIALIZED_AUTOS = YES_AGGRESSIVE;
				GCC_WARN_UNUSED_FUNCTION = YES;
				GCC_WARN_UNUSED_VARIABLE = YES;
				IPHONEOS_DEPLOYMENT_TARGET = 17.4;
				LOCALIZATION_PREFERS_STRING_CATALOGS = YES;
				MTL_ENABLE_DEBUG_INFO = NO;
				MTL_FAST_MATH = YES;
				SDKROOT = iphoneos;
				SWIFT_COMPILATION_MODE = wholemodule;
				VALIDATE_PRODUCT = YES;
			};
			name = Release;
		};
		CDC842502C231146007DBA22 /* Debug */ = {
			isa = XCBuildConfiguration;
			buildSettings = {
				ASSETCATALOG_COMPILER_APPICON_NAME = AppIcon;
				ASSETCATALOG_COMPILER_GLOBAL_ACCENT_COLOR_NAME = AccentColor;
				CODE_SIGN_STYLE = Automatic;
				CURRENT_PROJECT_VERSION = 1;
				DEVELOPMENT_ASSET_PATHS = "\"Snabbskriv/Preview Content\"";
				ENABLE_PREVIEWS = YES;
				GENERATE_INFOPLIST_FILE = YES;
				INFOPLIST_KEY_UIApplicationSceneManifest_Generation = YES;
				INFOPLIST_KEY_UIApplicationSupportsIndirectInputEvents = YES;
				INFOPLIST_KEY_UILaunchScreen_Generation = YES;
				INFOPLIST_KEY_UISupportedInterfaceOrientations_iPad = "UIInterfaceOrientationPortrait UIInterfaceOrientationPortraitUpsideDown UIInterfaceOrientationLandscapeLeft UIInterfaceOrientationLandscapeRight";
				INFOPLIST_KEY_UISupportedInterfaceOrientations_iPhone = "UIInterfaceOrientationPortrait UIInterfaceOrientationLandscapeLeft UIInterfaceOrientationLandscapeRight";
				LD_RUNPATH_SEARCH_PATHS = (
					"$(inherited)",
					"@executable_path/Frameworks",
				);
				MARKETING_VERSION = 1.0;
				PRODUCT_BUNDLE_IDENTIFIER = Snabb.Snabbskriv;
				PRODUCT_NAME = "$(TARGET_NAME)";
				SWIFT_EMIT_LOC_STRINGS = YES;
				SWIFT_VERSION = 5.0;
				TARGETED_DEVICE_FAMILY = "1,2";
			};
			name = Debug;
		};
		CDC842512C231146007DBA22 /* Release */ = {
			isa = XCBuildConfiguration;
			buildSettings = {
				ASSETCATALOG_COMPILER_APPICON_NAME = AppIcon;
				ASSETCATALOG_COMPILER_GLOBAL_ACCENT_COLOR_NAME = AccentColor;
				CODE_SIGN_STYLE = Automatic;
				CURRENT_PROJECT_VERSION = 1;
				DEVELOPMENT_ASSET_PATHS = "\"Snabbskriv/Preview Content\"";
				ENABLE_PREVIEWS = YES;
				GENERATE_INFOPLIST_FILE = YES;
				INFOPLIST_KEY_UIApplicationSceneManifest_Generation = YES;
				INFOPLIST_KEY_UIApplicationSupportsIndirectInputEvents = YES;
				INFOPLIST_KEY_UILaunchScreen_Generation = YES;
				INFOPLIST_KEY_UISupportedInterfaceOrientations_iPad = "UIInterfaceOrientationPortrait UIInterfaceOrientationPortraitUpsideDown UIInterfaceOrientationLandscapeLeft UIInterfaceOrientationLandscapeRight";
				INFOPLIST_KEY_UISupportedInterfaceOrientations_iPhone = "UIInterfaceOrientationPortrait UIInterfaceOrientationLandscapeLeft UIInterfaceOrientationLandscapeRight";
				LD_RUNPATH_SEARCH_PATHS = (
					"$(inherited)",
					"@executable_path/Frameworks",
				);
				MARKETING_VERSION = 1.0;
				PRODUCT_BUNDLE_IDENTIFIER = Snabb.Snabbskriv;
				PRODUCT_NAME = "$(TARGET_NAME)";
				SWIFT_EMIT_LOC_STRINGS = YES;
				SWIFT_VERSION = 5.0;
				TARGETED_DEVICE_FAMILY = "1,2";
			};
			name = Release;
		};
		CDC842532C231146007DBA22 /* Debug */ = {
			isa = XCBuildConfiguration;
			buildSettings = {
				ALWAYS_EMBED_SWIFT_STANDARD_LIBRARIES = YES;
				BUNDLE_LOADER = "$(TEST_HOST)";
				CODE_SIGN_STYLE = Automatic;
				CURRENT_PROJECT_VERSION = 1;
				GENERATE_INFOPLIST_FILE = YES;
				IPHONEOS_DEPLOYMENT_TARGET = 17.4;
				MARKETING_VERSION = 1.0;
				PRODUCT_BUNDLE_IDENTIFIER = Snabb.SnabbskrivTests;
				PRODUCT_NAME = "$(TARGET_NAME)";
				SWIFT_EMIT_LOC_STRINGS = NO;
				SWIFT_VERSION = 5.0;
				TARGETED_DEVICE_FAMILY = "1,2";
				TEST_HOST = "$(BUILT_PRODUCTS_DIR)/Snabbskriv.app/$(BUNDLE_EXECUTABLE_FOLDER_PATH)/Snabbskriv";
			};
			name = Debug;
		};
		CDC842542C231146007DBA22 /* Release */ = {
			isa = XCBuildConfiguration;
			buildSettings = {
				ALWAYS_EMBED_SWIFT_STANDARD_LIBRARIES = YES;
				BUNDLE_LOADER = "$(TEST_HOST)";
				CODE_SIGN_STYLE = Automatic;
				CURRENT_PROJECT_VERSION = 1;
				GENERATE_INFOPLIST_FILE = YES;
				IPHONEOS_DEPLOYMENT_TARGET = 17.4;
				MARKETING_VERSION = 1.0;
				PRODUCT_BUNDLE_IDENTIFIER = Snabb.SnabbskrivTests;
				PRODUCT_NAME = "$(TARGET_NAME)";
				SWIFT_EMIT_LOC_STRINGS = NO;
				SWIFT_VERSION = 5.0;
				TARGETED_DEVICE_FAMILY = "1,2";
				TEST_HOST = "$(BUILT_PRODUCTS_DIR)/Snabbskriv.app/$(BUNDLE_EXECUTABLE_FOLDER_PATH)/Snabbskriv";
			};
			name = Release;
		};
		CDC842562C231146007DBA22 /* Debug */ = {
			isa = XCBuildConfiguration;
			buildSettings = {
				ALWAYS_EMBED_SWIFT_STANDARD_LIBRARIES = YES;
				CODE_SIGN_STYLE = Automatic;
				CURRENT_PROJECT_VERSION = 1;
				GENERATE_INFOPLIST_FILE = YES;
				MARKETING_VERSION = 1.0;
				PRODUCT_BUNDLE_IDENTIFIER = Snabb.SnabbskrivUITests;
				PRODUCT_NAME = "$(TARGET_NAME)";
				SWIFT_EMIT_LOC_STRINGS = NO;
				SWIFT_VERSION = 5.0;
				TARGETED_DEVICE_FAMILY = "1,2";
				TEST_TARGET_NAME = Snabbskriv;
			};
			name = Debug;
		};
		CDC842572C231146007DBA22 /* Release */ = {
			isa = XCBuildConfiguration;
			buildSettings = {
				ALWAYS_EMBED_SWIFT_STANDARD_LIBRARIES = YES;
				CODE_SIGN_STYLE = Automatic;
				CURRENT_PROJECT_VERSION = 1;
				GENERATE_INFOPLIST_FILE = YES;
				MARKETING_VERSION = 1.0;
				PRODUCT_BUNDLE_IDENTIFIER = Snabb.SnabbskrivUITests;
				PRODUCT_NAME = "$(TARGET_NAME)";
				SWIFT_EMIT_LOC_STRINGS = NO;
				SWIFT_VERSION = 5.0;
				TARGETED_DEVICE_FAMILY = "1,2";
				TEST_TARGET_NAME = Snabbskriv;
			};
			name = Release;
		};
/* End XCBuildConfiguration section */

/* Begin XCConfigurationList section */
		CDC842262C231144007DBA22 /* Build configuration list for PBXProject "Snabbskriv" */ = {
			isa = XCConfigurationList;
			buildConfigurations = (
				CDC8424D2C231146007DBA22 /* Debug */,
				CDC8424E2C231146007DBA22 /* Release */,
			);
			defaultConfigurationIsVisible = 0;
			defaultConfigurationName = Release;
		};
		CDC8424F2C231146007DBA22 /* Build configuration list for PBXNativeTarget "Snabbskriv" */ = {
			isa = XCConfigurationList;
			buildConfigurations = (
				CDC842502C231146007DBA22 /* Debug */,
				CDC842512C231146007DBA22 /* Release */,
			);
			defaultConfigurationIsVisible = 0;
			defaultConfigurationName = Release;
		};
		CDC842522C231146007DBA22 /* Build configuration list for PBXNativeTarget "SnabbskrivTests" */ = {
			isa = XCConfigurationList;
			buildConfigurations = (
				CDC842532C231146007DBA22 /* Debug */,
				CDC842542C231146007DBA22 /* Release */,
			);
			defaultConfigurationIsVisible = 0;
			defaultConfigurationName = Release;
		};
		CDC842552C231146007DBA22 /* Build configuration list for PBXNativeTarget "SnabbskrivUITests" */ = {
			isa = XCConfigurationList;
			buildConfigurations = (
				CDC842562C231146007DBA22 /* Debug */,
				CDC842572C231146007DBA22 /* Release */,
			);
			defaultConfigurationIsVisible = 0;
			defaultConfigurationName = Release;
		};
/* End XCConfigurationList section */
	};
	rootObject = CDC842232C231144007DBA22 /* Project object */;
}
